{
  "name": "safe-event-monorepo",
  "lockfileVersion": 3,
  "requires": true,
  "packages": {
    "": {
      "name": "safe-event-monorepo",
      "workspaces": [
        "apps/*",
        "packages/*"
      ]
    },
    "node_modules/@safe-event/shared-types": {
      "resolved": "packages/shared-types",
      "link": true
    },
    "packages/shared-types": {
      "name": "@safe-event/shared-types",
      "version": "1.0.0"
    }
  }
}
